
Microsoft Visual Studio Solution File, Format Version 12.00
# Visual Studio Version 17
VisualStudioVersion = 17.0.31903.59
MinimumVisualStudioVersion = 10.0.40219.1
Project("{FAE04EC0-301F-11D3-BF4B-00C04F79EFBC}") = "API", "API\API.csproj", "{DBAAAB03-A780-4E38-9DED-D023C6DE6300}"
EndProject
Project("{FAE04EC0-301F-11D3-BF4B-00C04F79EFBC}") = "Application", "Application\Application.csproj", "{A4674F1A-9DDE-445A-8328-BD7169159769}"
EndProject
Project("{FAE04EC0-301F-11D3-BF4B-00C04F79EFBC}") = "Pesistence", "Pesistence\Pesistence.csproj", "{4A5875F9-1881-4F16-8093-C37C8649208E}"
EndProject
Project("{FAE04EC0-301F-11D3-BF4B-00C04F79EFBC}") = "Domain", "Domain\Domain.csproj", "{0150651A-522F-40E1-9E73-AEA9C22C4BD8}"
EndProject
Global
	GlobalSection(SolutionConfigurationPlatforms) = preSolution
		Debug|Any CPU = Debug|Any CPU
		Release|Any CPU = Release|Any CPU
	EndGlobalSection
	GlobalSection(SolutionProperties) = preSolution
		HideSolutionNode = FALSE
	EndGlobalSection
	GlobalSection(ProjectConfigurationPlatforms) = postSolution
		{DBAAAB03-A780-4E38-9DED-D023C6DE6300}.Debug|Any CPU.ActiveCfg = Debug|Any CPU
		{DBAAAB03-A780-4E38-9DED-D023C6DE6300}.Debug|Any CPU.Build.0 = Debug|Any CPU
		{DBAAAB03-A780-4E38-9DED-D023C6DE6300}.Release|Any CPU.ActiveCfg = Release|Any CPU
		{DBAAAB03-A780-4E38-9DED-D023C6DE6300}.Release|Any CPU.Build.0 = Release|Any CPU
		{A4674F1A-9DDE-445A-8328-BD7169159769}.Debug|Any CPU.ActiveCfg = Debug|Any CPU
		{A4674F1A-9DDE-445A-8328-BD7169159769}.Debug|Any CPU.Build.0 = Debug|Any CPU
		{A4674F1A-9DDE-445A-8328-BD7169159769}.Release|Any CPU.ActiveCfg = Release|Any CPU
		{A4674F1A-9DDE-445A-8328-BD7169159769}.Release|Any CPU.Build.0 = Release|Any CPU
		{4A5875F9-1881-4F16-8093-C37C8649208E}.Debug|Any CPU.ActiveCfg = Debug|Any CPU
		{4A5875F9-1881-4F16-8093-C37C8649208E}.Debug|Any CPU.Build.0 = Debug|Any CPU
		{4A5875F9-1881-4F16-8093-C37C8649208E}.Release|Any CPU.ActiveCfg = Release|Any CPU
		{4A5875F9-1881-4F16-8093-C37C8649208E}.Release|Any CPU.Build.0 = Release|Any CPU
		{0150651A-522F-40E1-9E73-AEA9C22C4BD8}.Debug|Any CPU.ActiveCfg = Debug|Any CPU
		{0150651A-522F-40E1-9E73-AEA9C22C4BD8}.Debug|Any CPU.Build.0 = Debug|Any CPU
		{0150651A-522F-40E1-9E73-AEA9C22C4BD8}.Release|Any CPU.ActiveCfg = Release|Any CPU
		{0150651A-522F-40E1-9E73-AEA9C22C4BD8}.Release|Any CPU.Build.0 = Release|Any CPU
	EndGlobalSection
EndGlobal
